
Microsoft Visual Studio Solution File, Format Version 12.00
# Visual Studio Version 16
VisualStudioVersion = 16.0.31005.135
MinimumVisualStudioVersion = 10.0.40219.1
Project("{9A19103F-16F7-4668-BE54-9A1E7A4F7556}") = "EDS.Api", "EDS.Api.csproj", "{D8B89A37-370D-44EB-8CD2-D80ED7440B1F}"
EndProject
Project("{2150E333-8FDC-42A3-9474-1A3956D46DE8}") = "Applications", "Applications", "{A2E889F4-8833-4DBA-BDF2-7B7802314635}"
EndProject
Project("{2150E333-8FDC-42A3-9474-1A3956D46DE8}") = "EDS.Api", "EDS.Api", "{D84556EA-6929-495B-BD4E-B994630ABBDB}"
EndProject
Project("{2150E333-8FDC-42A3-9474-1A3956D46DE8}") = "EDS.Web", "EDS.Web", "{A760B989-DB18-496F-8A48-FB4D276CE0DF}"
EndProject
Project("{2150E333-8FDC-42A3-9474-1A3956D46DE8}") = "EDS.Services", "EDS.Services", "{00665653-3AAA-4CBE-9F0D-53E2F712B8F1}"
EndProject
Project("{2150E333-8FDC-42A3-9474-1A3956D46DE8}") = "Domain", "Domain", "{0DBC7D03-D390-4B49-940C-C4092F961DEE}"
EndProject
Project("{2150E333-8FDC-42A3-9474-1A3956D46DE8}") = "Infrastructure", "Infrastructure", "{5F9A5C57-5FDE-4FD7-B775-44B0CEE0A923}"
EndProject
Project("{2150E333-8FDC-42A3-9474-1A3956D46DE8}") = "Tests", "Tests", "{F0479791-7601-433A-B23F-F5D634D4A4BD}"
EndProject
Project("{9A19103F-16F7-4668-BE54-9A1E7A4F7556}") = "EDS.Domain.Models", "..\EDS.Domain.Models\EDS.Domain.Models.csproj", "{1456A120-5F5F-4210-97A7-22F0D31964B1}"
EndProject
Project("{9A19103F-16F7-4668-BE54-9A1E7A4F7556}") = "EDS.Domain.Interfaces", "..\EDS.Domain.Interfaces\EDS.Domain.Interfaces.csproj", "{009208B7-B689-46E0-AB01-0CA8D7910605}"
EndProject
Project("{9A19103F-16F7-4668-BE54-9A1E7A4F7556}") = "EDS.Infrastructure.Data", "..\EDS.Infrastructure.Data\EDS.Infrastructure.Data.csproj", "{DCC85C06-98AA-4760-9191-20E1DAFC994A}"
EndProject
Project("{9A19103F-16F7-4668-BE54-9A1E7A4F7556}") = "EDS.Api.Tests", "..\EDS.Api.Tests\EDS.Api.Tests.csproj", "{C3AD5535-126B-403E-A424-0CA7954B3149}"
EndProject
Global
	GlobalSection(SolutionConfigurationPlatforms) = preSolution
		Debug|Any CPU = Debug|Any CPU
		Release|Any CPU = Release|Any CPU
	EndGlobalSection
	GlobalSection(ProjectConfigurationPlatforms) = postSolution
		{D8B89A37-370D-44EB-8CD2-D80ED7440B1F}.Debug|Any CPU.ActiveCfg = Debug|Any CPU
		{D8B89A37-370D-44EB-8CD2-D80ED7440B1F}.Debug|Any CPU.Build.0 = Debug|Any CPU
		{D8B89A37-370D-44EB-8CD2-D80ED7440B1F}.Release|Any CPU.ActiveCfg = Release|Any CPU
		{D8B89A37-370D-44EB-8CD2-D80ED7440B1F}.Release|Any CPU.Build.0 = Release|Any CPU
		{1456A120-5F5F-4210-97A7-22F0D31964B1}.Debug|Any CPU.ActiveCfg = Debug|Any CPU
		{1456A120-5F5F-4210-97A7-22F0D31964B1}.Debug|Any CPU.Build.0 = Debug|Any CPU
		{1456A120-5F5F-4210-97A7-22F0D31964B1}.Release|Any CPU.ActiveCfg = Release|Any CPU
		{1456A120-5F5F-4210-97A7-22F0D31964B1}.Release|Any CPU.Build.0 = Release|Any CPU
		{009208B7-B689-46E0-AB01-0CA8D7910605}.Debug|Any CPU.ActiveCfg = Debug|Any CPU
		{009208B7-B689-46E0-AB01-0CA8D7910605}.Debug|Any CPU.Build.0 = Debug|Any CPU
		{009208B7-B689-46E0-AB01-0CA8D7910605}.Release|Any CPU.ActiveCfg = Release|Any CPU
		{009208B7-B689-46E0-AB01-0CA8D7910605}.Release|Any CPU.Build.0 = Release|Any CPU
		{DCC85C06-98AA-4760-9191-20E1DAFC994A}.Debug|Any CPU.ActiveCfg = Debug|Any CPU
		{DCC85C06-98AA-4760-9191-20E1DAFC994A}.Debug|Any CPU.Build.0 = Debug|Any CPU
		{DCC85C06-98AA-4760-9191-20E1DAFC994A}.Release|Any CPU.ActiveCfg = Release|Any CPU
		{DCC85C06-98AA-4760-9191-20E1DAFC994A}.Release|Any CPU.Build.0 = Release|Any CPU
		{C3AD5535-126B-403E-A424-0CA7954B3149}.Debug|Any CPU.ActiveCfg = Debug|Any CPU
		{C3AD5535-126B-403E-A424-0CA7954B3149}.Debug|Any CPU.Build.0 = Debug|Any CPU
		{C3AD5535-126B-403E-A424-0CA7954B3149}.Release|Any CPU.ActiveCfg = Release|Any CPU
		{C3AD5535-126B-403E-A424-0CA7954B3149}.Release|Any CPU.Build.0 = Release|Any CPU
	EndGlobalSection
	GlobalSection(SolutionProperties) = preSolution
		HideSolutionNode = FALSE
	EndGlobalSection
	GlobalSection(NestedProjects) = preSolution
		{D8B89A37-370D-44EB-8CD2-D80ED7440B1F} = {D84556EA-6929-495B-BD4E-B994630ABBDB}
		{D84556EA-6929-495B-BD4E-B994630ABBDB} = {A2E889F4-8833-4DBA-BDF2-7B7802314635}
		{A760B989-DB18-496F-8A48-FB4D276CE0DF} = {A2E889F4-8833-4DBA-BDF2-7B7802314635}
		{00665653-3AAA-4CBE-9F0D-53E2F712B8F1} = {A2E889F4-8833-4DBA-BDF2-7B7802314635}
		{1456A120-5F5F-4210-97A7-22F0D31964B1} = {0DBC7D03-D390-4B49-940C-C4092F961DEE}
		{009208B7-B689-46E0-AB01-0CA8D7910605} = {0DBC7D03-D390-4B49-940C-C4092F961DEE}
		{DCC85C06-98AA-4760-9191-20E1DAFC994A} = {5F9A5C57-5FDE-4FD7-B775-44B0CEE0A923}
		{C3AD5535-126B-403E-A424-0CA7954B3149} = {F0479791-7601-433A-B23F-F5D634D4A4BD}
	EndGlobalSection
	GlobalSection(ExtensibilityGlobals) = postSolution
		SolutionGuid = {E581A8D9-44A1-45DF-8439-440C1D7A7FAF}
	EndGlobalSection
EndGlobal
